
Microsoft Visual Studio Solution File, Format Version 12.00
# Visual Studio Version 17
VisualStudioVersion = 17.5.33530.505
MinimumVisualStudioVersion = 10.0.40219.1
Project("{FAE04EC0-301F-11D3-BF4B-00C04F79EFBC}") = "Егиазарян 23 ИС", "Егиазарян 23 ИС.csproj", "{FB892166-0A23-4CC7-B63F-07E81010137C}"
EndProject
Global
	GlobalSection(SolutionConfigurationPlatforms) = preSolution
		Debug|Any CPU = Debug|Any CPU
		Release|Any CPU = Release|Any CPU
	EndGlobalSection
	GlobalSection(ProjectConfigurationPlatforms) = postSolution
		{FB892166-0A23-4CC7-B63F-07E81010137C}.Debug|Any CPU.ActiveCfg = Debug|Any CPU
		{FB892166-0A23-4CC7-B63F-07E81010137C}.Debug|Any CPU.Build.0 = Debug|Any CPU
		{FB892166-0A23-4CC7-B63F-07E81010137C}.Release|Any CPU.ActiveCfg = Release|Any CPU
		{FB892166-0A23-4CC7-B63F-07E81010137C}.Release|Any CPU.Build.0 = Release|Any CPU
	EndGlobalSection
	GlobalSection(SolutionProperties) = preSolution
		HideSolutionNode = FALSE
	EndGlobalSection
	GlobalSection(ExtensibilityGlobals) = postSolution
		SolutionGuid = {875519BE-1F45-4521-B12F-7536E723BBA4}
	EndGlobalSection
EndGlobal
